
Microsoft Visual Studio Solution File, Format Version 12.00
# Visual Studio Version 17
VisualStudioVersion = 17.0.31903.59
MinimumVisualStudioVersion = 10.0.40219.1
Project("{FAE04EC0-301F-11D3-BF4B-00C04F79EFBC}") = "RestaurantManagementSystem", "RestaurantManagementSystem\RestaurantManagementSystem.csproj", "{C8D3537B-BE76-40AD-A757-6922AE3726F5}"
EndProject
Project("{FAE04EC0-301F-11D3-BF4B-00C04F79EFBC}") = "RestaurantManagementSystem.Tests", "RestaurantManagementSystem.Tests\RestaurantManagementSystem.Tests.csproj", "{79E0D8DB-071C-43A8-BB78-C3E05A1BE554}"
EndProject
Global
	GlobalSection(SolutionConfigurationPlatforms) = preSolution
		Debug|Any CPU = Debug|Any CPU
		Debug|x64 = Debug|x64
		Debug|x86 = Debug|x86
		Release|Any CPU = Release|Any CPU
		Release|x64 = Release|x64
		Release|x86 = Release|x86
	EndGlobalSection
	GlobalSection(ProjectConfigurationPlatforms) = postSolution
		{C8D3537B-BE76-40AD-A757-6922AE3726F5}.Debug|Any CPU.ActiveCfg = Debug|Any CPU
		{C8D3537B-BE76-40AD-A757-6922AE3726F5}.Debug|Any CPU.Build.0 = Debug|Any CPU
		{C8D3537B-BE76-40AD-A757-6922AE3726F5}.Debug|x64.ActiveCfg = Debug|Any CPU
		{C8D3537B-BE76-40AD-A757-6922AE3726F5}.Debug|x64.Build.0 = Debug|Any CPU
		{C8D3537B-BE76-40AD-A757-6922AE3726F5}.Debug|x86.ActiveCfg = Debug|Any CPU
		{C8D3537B-BE76-40AD-A757-6922AE3726F5}.Debug|x86.Build.0 = Debug|Any CPU
		{C8D3537B-BE76-40AD-A757-6922AE3726F5}.Release|Any CPU.ActiveCfg = Release|Any CPU
		{C8D3537B-BE76-40AD-A757-6922AE3726F5}.Release|Any CPU.Build.0 = Release|Any CPU
		{C8D3537B-BE76-40AD-A757-6922AE3726F5}.Release|x64.ActiveCfg = Release|Any CPU
		{C8D3537B-BE76-40AD-A757-6922AE3726F5}.Release|x64.Build.0 = Release|Any CPU
		{C8D3537B-BE76-40AD-A757-6922AE3726F5}.Release|x86.ActiveCfg = Release|Any CPU
		{C8D3537B-BE76-40AD-A757-6922AE3726F5}.Release|x86.Build.0 = Release|Any CPU
		{79E0D8DB-071C-43A8-BB78-C3E05A1BE554}.Debug|Any CPU.ActiveCfg = Debug|Any CPU
		{79E0D8DB-071C-43A8-BB78-C3E05A1BE554}.Debug|Any CPU.Build.0 = Debug|Any CPU
		{79E0D8DB-071C-43A8-BB78-C3E05A1BE554}.Debug|x64.ActiveCfg = Debug|Any CPU
		{79E0D8DB-071C-43A8-BB78-C3E05A1BE554}.Debug|x64.Build.0 = Debug|Any CPU
		{79E0D8DB-071C-43A8-BB78-C3E05A1BE554}.Debug|x86.ActiveCfg = Debug|Any CPU
		{79E0D8DB-071C-43A8-BB78-C3E05A1BE554}.Debug|x86.Build.0 = Debug|Any CPU
		{79E0D8DB-071C-43A8-BB78-C3E05A1BE554}.Release|Any CPU.ActiveCfg = Release|Any CPU
		{79E0D8DB-071C-43A8-BB78-C3E05A1BE554}.Release|Any CPU.Build.0 = Release|Any CPU
		{79E0D8DB-071C-43A8-BB78-C3E05A1BE554}.Release|x64.ActiveCfg = Release|Any CPU
		{79E0D8DB-071C-43A8-BB78-C3E05A1BE554}.Release|x64.Build.0 = Release|Any CPU
		{79E0D8DB-071C-43A8-BB78-C3E05A1BE554}.Release|x86.ActiveCfg = Release|Any CPU
		{79E0D8DB-071C-43A8-BB78-C3E05A1BE554}.Release|x86.Build.0 = Release|Any CPU
	EndGlobalSection
	GlobalSection(SolutionProperties) = preSolution
		HideSolutionNode = FALSE
	EndGlobalSection
EndGlobal
